# This file is automatically @generated by Cargo.
# It is not intended for manual editing.
version = 3

[[package]]
name = "srws"
version = "0.1.0"
dependencies = [
 "xdotool",
]

[[package]]
name = "xdotool"
version = "0.0.2"
source = "registry+https://github.com/rust-lang/crates.io-index"
checksum = "2b1e9d309fb1089c718058e3e5d6010c5b0a55f7224262806ad659e408d3f222"
